// !$*UTF8*$!
{
	archiveVersion = 1;
	classes = {
	};
	objectVersion = 56;
	objects = {

/* Begin PBXBuildFile section */
		0C6090A5534DDB23E91170CB /* ScoreStore.swift in Sources */ = {isa = PBXBuildFile; fileRef = B4B1DDCCF8490F076EE5640A /* ScoreStore.swift */; };
		11DD156FD58D05205CD2F1A6 /* HighScoresView.swift in Sources */ = {isa = PBXBuildFile; fileRef = EE132A505E6ABDFFA36D0651 /* HighScoresView.swift */; };
		4F1E1E0BCE94E550CF2405E3 /* SettingsView.swift in Sources */ = {isa = PBXBuildFile; fileRef = ED93197A856584E5541A9099 /* SettingsView.swift */; };
		5D2D0AC51144C74D6EB853DB /* GamePickerView.swift in Sources */ = {isa = PBXBuildFile; fileRef = B0774DCFDCB28B2E3F4BBAA4 /* GamePickerView.swift */; };
		74EE1DBB144BD9D17EDD149F /* GameCatalog.swift in Sources */ = {isa = PBXBuildFile; fileRef = 393F852D08A9081495DF969D /* GameCatalog.swift */; };
		83AE4F279D1122A1E597EC13 /* SettingsStore.swift in Sources */ = {isa = PBXBuildFile; fileRef = 95F4D9E3DB11737343084E0C /* SettingsStore.swift */; };
		A10000000000000000000001 /* BarcadeApp.swift in Sources */ = {isa = PBXBuildFile; fileRef = B10000000000000000000001 /* BarcadeApp.swift */; };
		A10000000000000000000002 /* AppDelegate.swift in Sources */ = {isa = PBXBuildFile; fileRef = B10000000000000000000002 /* AppDelegate.swift */; };
		A10000000000000000000003 /* StatusBarController.swift in Sources */ = {isa = PBXBuildFile; fileRef = B10000000000000000000003 /* StatusBarController.swift */; };
		A10000000000000000000004 /* RootView.swift in Sources */ = {isa = PBXBuildFile; fileRef = B10000000000000000000004 /* RootView.swift */; };
		A10000000000000000000005 /* GameProtocol.swift in Sources */ = {isa = PBXBuildFile; fileRef = B10000000000000000000005 /* GameProtocol.swift */; };
		C755CA617150089C19BAE94A /* StoreTests.swift in Sources */ = {isa = PBXBuildFile; fileRef = C465549E116386239E342317 /* StoreTests.swift */; };
/* End PBXBuildFile section */

/* Begin PBXContainerItemProxy section */
		C10000000000000000000001 /* PBXContainerItemProxy */ = {
			isa = PBXContainerItemProxy;
			containerPortal = D10000000000000000000001 /* Project object */;
			proxyType = 1;
			remoteGlobalIDString = E10000000000000000000001;
			remoteInfo = Barcade;
		};
/* End PBXContainerItemProxy section */

/* Begin PBXFileReference section */
		393F852D08A9081495DF969D /* GameCatalog.swift */ = {isa = PBXFileReference; includeInIndex = 1; lastKnownFileType = sourcecode.swift; path = GameCatalog.swift; sourceTree = "<group>"; };
		95F4D9E3DB11737343084E0C /* SettingsStore.swift */ = {isa = PBXFileReference; includeInIndex = 1; lastKnownFileType = sourcecode.swift; path = SettingsStore.swift; sourceTree = "<group>"; };
		B0774DCFDCB28B2E3F4BBAA4 /* GamePickerView.swift */ = {isa = PBXFileReference; includeInIndex = 1; lastKnownFileType = sourcecode.swift; path = GamePickerView.swift; sourceTree = "<group>"; };
		B10000000000000000000001 /* BarcadeApp.swift */ = {isa = PBXFileReference; lastKnownFileType = sourcecode.swift; path = BarcadeApp.swift; sourceTree = "<group>"; };
		B10000000000000000000002 /* AppDelegate.swift */ = {isa = PBXFileReference; lastKnownFileType = sourcecode.swift; path = AppDelegate.swift; sourceTree = "<group>"; };
		B10000000000000000000003 /* StatusBarController.swift */ = {isa = PBXFileReference; lastKnownFileType = sourcecode.swift; path = StatusBarController.swift; sourceTree = "<group>"; };
		B10000000000000000000004 /* RootView.swift */ = {isa = PBXFileReference; lastKnownFileType = sourcecode.swift; path = RootView.swift; sourceTree = "<group>"; };
		B10000000000000000000005 /* GameProtocol.swift */ = {isa = PBXFileReference; lastKnownFileType = sourcecode.swift; path = GameProtocol.swift; sourceTree = "<group>"; };
		B10000000000000000000007 /* Info.plist */ = {isa = PBXFileReference; lastKnownFileType = text.plist.xml; path = Info.plist; sourceTree = "<group>"; };
		B10000000000000000000008 /* Barcade.app */ = {isa = PBXFileReference; explicitFileType = wrapper.application; includeInIndex = 0; path = Barcade.app; sourceTree = BUILT_PRODUCTS_DIR; };
		B10000000000000000000009 /* BarcadeTests.xctest */ = {isa = PBXFileReference; explicitFileType = wrapper.cfbundle; includeInIndex = 0; path = BarcadeTests.xctest; sourceTree = BUILT_PRODUCTS_DIR; };
		B4B1DDCCF8490F076EE5640A /* ScoreStore.swift */ = {isa = PBXFileReference; includeInIndex = 1; lastKnownFileType = sourcecode.swift; path = ScoreStore.swift; sourceTree = "<group>"; };
		C465549E116386239E342317 /* StoreTests.swift */ = {isa = PBXFileReference; includeInIndex = 1; lastKnownFileType = sourcecode.swift; path = StoreTests.swift; sourceTree = "<group>"; };
		ED93197A856584E5541A9099 /* SettingsView.swift */ = {isa = PBXFileReference; includeInIndex = 1; lastKnownFileType = sourcecode.swift; path = SettingsView.swift; sourceTree = "<group>"; };
		EE132A505E6ABDFFA36D0651 /* HighScoresView.swift */ = {isa = PBXFileReference; includeInIndex = 1; lastKnownFileType = sourcecode.swift; path = HighScoresView.swift; sourceTree = "<group>"; };
/* End PBXFileReference section */

/* Begin PBXFrameworksBuildPhase section */
		F10000000000000000000001 /* Frameworks */ = {
			isa = PBXFrameworksBuildPhase;
			buildActionMask = 2147483647;
			files = (
			);
			runOnlyForDeploymentPostprocessing = 0;
		};
		F10000000000000000000002 /* Frameworks */ = {
			isa = PBXFrameworksBuildPhase;
			buildActionMask = 2147483647;
			files = (
			);
			runOnlyForDeploymentPostprocessing = 0;
		};
/* End PBXFrameworksBuildPhase section */

/* Begin PBXGroup section */
		5F5C2CA5CA83679E17551B39 /* Storage */ = {
			isa = PBXGroup;
			children = (
				B4B1DDCCF8490F076EE5640A /* ScoreStore.swift */,
				95F4D9E3DB11737343084E0C /* SettingsStore.swift */,
			);
			name = Storage;
			path = Storage;
			sourceTree = "<group>";
		};
		G10000000000000000000001 = {
			isa = PBXGroup;
			children = (
				G10000000000000000000002 /* Sources */,
				G10000000000000000000006 /* Tests */,
				G10000000000000000000008 /* Config */,
				G10000000000000000000009 /* Products */,
			);
			sourceTree = "<group>";
		};
		G10000000000000000000002 /* Sources */ = {
			isa = PBXGroup;
			children = (
				G10000000000000000000003 /* App */,
				G10000000000000000000004 /* Games */,
				G10000000000000000000005 /* UI */,
				5F5C2CA5CA83679E17551B39 /* Storage */,
			);
			path = Sources;
			sourceTree = "<group>";
		};
		G10000000000000000000003 /* App */ = {
			isa = PBXGroup;
			children = (
				B10000000000000000000001 /* BarcadeApp.swift */,
				B10000000000000000000002 /* AppDelegate.swift */,
				B10000000000000000000003 /* StatusBarController.swift */,
			);
			path = App;
			sourceTree = "<group>";
		};
		G10000000000000000000004 /* Games */ = {
			isa = PBXGroup;
			children = (
				B10000000000000000000005 /* GameProtocol.swift */,
				393F852D08A9081495DF969D /* GameCatalog.swift */,
			);
			path = Games;
			sourceTree = "<group>";
		};
		G10000000000000000000005 /* UI */ = {
			isa = PBXGroup;
			children = (
				B10000000000000000000004 /* RootView.swift */,
				B0774DCFDCB28B2E3F4BBAA4 /* GamePickerView.swift */,
				EE132A505E6ABDFFA36D0651 /* HighScoresView.swift */,
				ED93197A856584E5541A9099 /* SettingsView.swift */,
			);
			path = UI;
			sourceTree = "<group>";
		};
		G10000000000000000000006 /* Tests */ = {
			isa = PBXGroup;
			children = (
				G10000000000000000000007 /* BarcadeTests */,
			);
			path = Tests;
			sourceTree = "<group>";
		};
		G10000000000000000000007 /* BarcadeTests */ = {
			isa = PBXGroup;
			children = (
				C465549E116386239E342317 /* StoreTests.swift */,
			);
			path = BarcadeTests;
			sourceTree = "<group>";
		};
		G10000000000000000000008 /* Config */ = {
			isa = PBXGroup;
			children = (
				B10000000000000000000007 /* Info.plist */,
			);
			path = Config;
			sourceTree = "<group>";
		};
		G10000000000000000000009 /* Products */ = {
			isa = PBXGroup;
			children = (
				B10000000000000000000008 /* Barcade.app */,
				B10000000000000000000009 /* BarcadeTests.xctest */,
			);
			name = Products;
			sourceTree = "<group>";
		};
/* End PBXGroup section */

/* Begin PBXNativeTarget section */
		E10000000000000000000001 /* Barcade */ = {
			isa = PBXNativeTarget;
			buildConfigurationList = H10000000000000000000002 /* Build configuration list for PBXNativeTarget "Barcade" */;
			buildPhases = (
				I10000000000000000000001 /* Sources */,
				F10000000000000000000001 /* Frameworks */,
				J10000000000000000000001 /* Resources */,
			);
			buildRules = (
			);
			dependencies = (
			);
			name = Barcade;
			productName = Barcade;
			productReference = B10000000000000000000008 /* Barcade.app */;
			productType = "com.apple.product-type.application";
		};
		E10000000000000000000002 /* BarcadeTests */ = {
			isa = PBXNativeTarget;
			buildConfigurationList = H10000000000000000000003 /* Build configuration list for PBXNativeTarget "BarcadeTests" */;
			buildPhases = (
				I10000000000000000000002 /* Sources */,
				F10000000000000000000002 /* Frameworks */,
				J10000000000000000000002 /* Resources */,
			);
			buildRules = (
			);
			dependencies = (
				K10000000000000000000001 /* PBXTargetDependency */,
			);
			name = BarcadeTests;
			productName = BarcadeTests;
			productReference = B10000000000000000000009 /* BarcadeTests.xctest */;
			productType = "com.apple.product-type.bundle.unit-test";
		};
/* End PBXNativeTarget section */

/* Begin PBXProject section */
		D10000000000000000000001 /* Project object */ = {
			isa = PBXProject;
			attributes = {
				BuildIndependentTargetsInParallel = 1;
				LastSwiftUpdateCheck = 2650;
				LastUpgradeCheck = 2650;
				TargetAttributes = {
					E10000000000000000000001 = {
						CreatedOnToolsVersion = 26.5;
					};
					E10000000000000000000002 = {
						CreatedOnToolsVersion = 26.5;
						TestTargetID = E10000000000000000000001;
					};
				};
			};
			buildConfigurationList = H10000000000000000000001 /* Build configuration list for PBXProject "Barcade" */;
			compatibilityVersion = "Xcode 14.0";
			developmentRegion = en;
			hasScannedForEncodings = 0;
			knownRegions = (
				en,
				Base,
			);
			mainGroup = G10000000000000000000001;
			productRefGroup = G10000000000000000000009 /* Products */;
			projectDirPath = "";
			projectRoot = "";
			targets = (
				E10000000000000000000001 /* Barcade */,
				E10000000000000000000002 /* BarcadeTests */,
			);
		};
/* End PBXProject section */

/* Begin PBXResourcesBuildPhase section */
		J10000000000000000000001 /* Resources */ = {
			isa = PBXResourcesBuildPhase;
			buildActionMask = 2147483647;
			files = (
			);
			runOnlyForDeploymentPostprocessing = 0;
		};
		J10000000000000000000002 /* Resources */ = {
			isa = PBXResourcesBuildPhase;
			buildActionMask = 2147483647;
			files = (
			);
			runOnlyForDeploymentPostprocessing = 0;
		};
/* End PBXResourcesBuildPhase section */

/* Begin PBXSourcesBuildPhase section */
		I10000000000000000000001 /* Sources */ = {
			isa = PBXSourcesBuildPhase;
			buildActionMask = 2147483647;
			files = (
				A10000000000000000000001 /* BarcadeApp.swift in Sources */,
				A10000000000000000000002 /* AppDelegate.swift in Sources */,
				A10000000000000000000003 /* StatusBarController.swift in Sources */,
				A10000000000000000000004 /* RootView.swift in Sources */,
				A10000000000000000000005 /* GameProtocol.swift in Sources */,
				74EE1DBB144BD9D17EDD149F /* GameCatalog.swift in Sources */,
				0C6090A5534DDB23E91170CB /* ScoreStore.swift in Sources */,
				83AE4F279D1122A1E597EC13 /* SettingsStore.swift in Sources */,
				5D2D0AC51144C74D6EB853DB /* GamePickerView.swift in Sources */,
				11DD156FD58D05205CD2F1A6 /* HighScoresView.swift in Sources */,
				4F1E1E0BCE94E550CF2405E3 /* SettingsView.swift in Sources */,
			);
			runOnlyForDeploymentPostprocessing = 0;
		};
		I10000000000000000000002 /* Sources */ = {
			isa = PBXSourcesBuildPhase;
			buildActionMask = 2147483647;
			files = (
				C755CA617150089C19BAE94A /* StoreTests.swift in Sources */,
			);
			runOnlyForDeploymentPostprocessing = 0;
		};
/* End PBXSourcesBuildPhase section */

/* Begin PBXTargetDependency section */
		K10000000000000000000001 /* PBXTargetDependency */ = {
			isa = PBXTargetDependency;
			target = E10000000000000000000001 /* Barcade */;
			targetProxy = C10000000000000000000001 /* PBXContainerItemProxy */;
		};
/* End PBXTargetDependency section */

/* Begin XCBuildConfiguration section */
		L10000000000000000000001 /* Debug */ = {
			isa = XCBuildConfiguration;
			buildSettings = {
				CLANG_ENABLE_MODULES = YES;
				CLANG_ENABLE_OBJC_ARC = YES;
				COPY_PHASE_STRIP = NO;
				DEBUG_INFORMATION_FORMAT = dwarf;
				ENABLE_TESTABILITY = YES;
				GCC_C_LANGUAGE_STANDARD = gnu17;
				GCC_OPTIMIZATION_LEVEL = 0;
				ONLY_ACTIVE_ARCH = YES;
				SDKROOT = macosx;
				SWIFT_ACTIVE_COMPILATION_CONDITIONS = DEBUG;
				SWIFT_OPTIMIZATION_LEVEL = "-Onone";
			};
			name = Debug;
		};
		L10000000000000000000002 /* Release */ = {
			isa = XCBuildConfiguration;
			buildSettings = {
				CLANG_ENABLE_MODULES = YES;
				CLANG_ENABLE_OBJC_ARC = YES;
				COPY_PHASE_STRIP = YES;
				DEBUG_INFORMATION_FORMAT = "dwarf-with-dsym";
				GCC_C_LANGUAGE_STANDARD = gnu17;
				SDKROOT = macosx;
				SWIFT_COMPILATION_MODE = wholemodule;
				SWIFT_OPTIMIZATION_LEVEL = "-O";
			};
			name = Release;
		};
		L10000000000000000000003 /* Debug */ = {
			isa = XCBuildConfiguration;
			buildSettings = {
				ASSETCATALOG_COMPILER_APPICON_NAME = AppIcon;
				CODE_SIGN_STYLE = Automatic;
				COMBINE_HIDPI_IMAGES = YES;
				GENERATE_INFOPLIST_FILE = NO;
				INFOPLIST_FILE = Config/Info.plist;
				LD_RUNPATH_SEARCH_PATHS = (
					"$(inherited)",
					"@executable_path/../Frameworks",
				);
				LM_SKIP_METADATA_EXTRACTION = YES;
				MACOSX_DEPLOYMENT_TARGET = 14.0;
				PRODUCT_BUNDLE_IDENTIFIER = com.nicktiliakos.Barcade;
				PRODUCT_NAME = "$(TARGET_NAME)";
				SWIFT_EMIT_LOC_STRINGS = YES;
				SWIFT_STRICT_CONCURRENCY = minimal;
				SWIFT_VERSION = 5.0;
			};
			name = Debug;
		};
		L10000000000000000000004 /* Release */ = {
			isa = XCBuildConfiguration;
			buildSettings = {
				ASSETCATALOG_COMPILER_APPICON_NAME = AppIcon;
				CODE_SIGN_STYLE = Automatic;
				COMBINE_HIDPI_IMAGES = YES;
				GENERATE_INFOPLIST_FILE = NO;
				INFOPLIST_FILE = Config/Info.plist;
				LD_RUNPATH_SEARCH_PATHS = (
					"$(inherited)",
					"@executable_path/../Frameworks",
				);
				LM_SKIP_METADATA_EXTRACTION = YES;
				MACOSX_DEPLOYMENT_TARGET = 14.0;
				PRODUCT_BUNDLE_IDENTIFIER = com.nicktiliakos.Barcade;
				PRODUCT_NAME = "$(TARGET_NAME)";
				SWIFT_COMPILATION_MODE = wholemodule;
				SWIFT_EMIT_LOC_STRINGS = YES;
				SWIFT_STRICT_CONCURRENCY = minimal;
				SWIFT_VERSION = 5.0;
			};
			name = Release;
		};
		L10000000000000000000005 /* Debug */ = {
			isa = XCBuildConfiguration;
			buildSettings = {
				BUNDLE_LOADER = "$(TEST_HOST)";
				CODE_SIGN_STYLE = Automatic;
				GENERATE_INFOPLIST_FILE = YES;
				MACOSX_DEPLOYMENT_TARGET = 14.0;
				PRODUCT_BUNDLE_IDENTIFIER = com.nicktiliakos.BarcadeTests;
				PRODUCT_NAME = "$(TARGET_NAME)";
				SWIFT_VERSION = 5.0;
				TEST_HOST = "$(BUILT_PRODUCTS_DIR)/Barcade.app/Contents/MacOS/Barcade";
			};
			name = Debug;
		};
		L10000000000000000000006 /* Release */ = {
			isa = XCBuildConfiguration;
			buildSettings = {
				BUNDLE_LOADER = "$(TEST_HOST)";
				CODE_SIGN_STYLE = Automatic;
				GENERATE_INFOPLIST_FILE = YES;
				MACOSX_DEPLOYMENT_TARGET = 14.0;
				PRODUCT_BUNDLE_IDENTIFIER = com.nicktiliakos.BarcadeTests;
				PRODUCT_NAME = "$(TARGET_NAME)";
				SWIFT_VERSION = 5.0;
				TEST_HOST = "$(BUILT_PRODUCTS_DIR)/Barcade.app/Contents/MacOS/Barcade";
			};
			name = Release;
		};
/* End XCBuildConfiguration section */

/* Begin XCConfigurationList section */
		H10000000000000000000001 /* Build configuration list for PBXProject "Barcade" */ = {
			isa = XCConfigurationList;
			buildConfigurations = (
				L10000000000000000000001 /* Debug */,
				L10000000000000000000002 /* Release */,
			);
			defaultConfigurationIsVisible = 0;
			defaultConfigurationName = Release;
		};
		H10000000000000000000002 /* Build configuration list for PBXNativeTarget "Barcade" */ = {
			isa = XCConfigurationList;
			buildConfigurations = (
				L10000000000000000000003 /* Debug */,
				L10000000000000000000004 /* Release */,
			);
			defaultConfigurationIsVisible = 0;
			defaultConfigurationName = Release;
		};
		H10000000000000000000003 /* Build configuration list for PBXNativeTarget "BarcadeTests" */ = {
			isa = XCConfigurationList;
			buildConfigurations = (
				L10000000000000000000005 /* Debug */,
				L10000000000000000000006 /* Release */,
			);
			defaultConfigurationIsVisible = 0;
			defaultConfigurationName = Release;
		};
/* End XCConfigurationList section */
	};
	rootObject = D10000000000000000000001 /* Project object */;
}
